{"filter":false,"title":"Gemfile.lock","tooltip":"/appoint_share/Gemfile.lock","undoManager":{"mark":-1,"position":-1,"stack":[]},"ace":{"folds":[],"scrolltop":975,"scrollleft":0,"selection":{"start":{"row":0,"column":0},"end":{"row":0,"column":0},"isBackwards":false},"options":{"guessTabSize":true,"useWrapMode":false,"wrapToView":true},"firstLineState":{"row":68,"state":"start","mode":"ace/mode/text"}},"timestamp":1668524895385,"hash":"9b4f34a6d3be3bdb0cfa448cb3231f90713d45f4"}